
Microsoft Visual Studio Solution File, Format Version 12.00
# Visual Studio Version 17
VisualStudioVersion = 17.5.33516.290
MinimumVisualStudioVersion = 10.0.40219.1
Project("{9A19103F-16F7-4668-BE54-9A1E7A4F7556}") = "MyFinanceApp", "MyFinanceApp\MyFinanceApp.csproj", "{843C1F20-CAF8-436D-AD36-9605B40A9102}"
EndProject
Project("{9A19103F-16F7-4668-BE54-9A1E7A4F7556}") = "MyFinanceLibrary", "MyFinanceLibrary\MyFinanceLibrary.csproj", "{7B177907-2F57-40F6-88C5-43338D3070B3}"
EndProject
Project("{9A19103F-16F7-4668-BE54-9A1E7A4F7556}") = "MyFinanceBlazor", "MyFinanceBlazor\MyFinanceBlazor.csproj", "{3EDA3C61-82F2-41DF-AA18-8CE7C2B8122D}"
EndProject
Global
	GlobalSection(SolutionConfigurationPlatforms) = preSolution
		Debug|Any CPU = Debug|Any CPU
		Release|Any CPU = Release|Any CPU
	EndGlobalSection
	GlobalSection(ProjectConfigurationPlatforms) = postSolution
		{843C1F20-CAF8-436D-AD36-9605B40A9102}.Debug|Any CPU.ActiveCfg = Debug|Any CPU
		{843C1F20-CAF8-436D-AD36-9605B40A9102}.Debug|Any CPU.Build.0 = Debug|Any CPU
		{843C1F20-CAF8-436D-AD36-9605B40A9102}.Release|Any CPU.ActiveCfg = Release|Any CPU
		{843C1F20-CAF8-436D-AD36-9605B40A9102}.Release|Any CPU.Build.0 = Release|Any CPU
		{7B177907-2F57-40F6-88C5-43338D3070B3}.Debug|Any CPU.ActiveCfg = Debug|Any CPU
		{7B177907-2F57-40F6-88C5-43338D3070B3}.Debug|Any CPU.Build.0 = Debug|Any CPU
		{7B177907-2F57-40F6-88C5-43338D3070B3}.Release|Any CPU.ActiveCfg = Release|Any CPU
		{7B177907-2F57-40F6-88C5-43338D3070B3}.Release|Any CPU.Build.0 = Release|Any CPU
		{3EDA3C61-82F2-41DF-AA18-8CE7C2B8122D}.Debug|Any CPU.ActiveCfg = Debug|Any CPU
		{3EDA3C61-82F2-41DF-AA18-8CE7C2B8122D}.Debug|Any CPU.Build.0 = Debug|Any CPU
		{3EDA3C61-82F2-41DF-AA18-8CE7C2B8122D}.Release|Any CPU.ActiveCfg = Release|Any CPU
		{3EDA3C61-82F2-41DF-AA18-8CE7C2B8122D}.Release|Any CPU.Build.0 = Release|Any CPU
	EndGlobalSection
	GlobalSection(SolutionProperties) = preSolution
		HideSolutionNode = FALSE
	EndGlobalSection
	GlobalSection(ExtensibilityGlobals) = postSolution
		SolutionGuid = {A6AAAA0E-D1FD-47E7-9853-4AD5F2FDD27E}
	EndGlobalSection
EndGlobal
